
Microsoft Visual Studio Solution File, Format Version 12.00
# Visual Studio Version 16
VisualStudioVersion = 16.0.30717.126
MinimumVisualStudioVersion = 10.0.40219.1
Project("{9A19103F-16F7-4668-BE54-9A1E7A4F7556}") = "OutboundCall", "OutboundCall\OutboundCall.csproj", "{C3E0BF24-D2A1-4D46-8489-DC4423C27F20}"
EndProject
Project("{FAE04EC0-301F-11D3-BF4B-00C04F79EFBC}") = "InboundCall", "InboundCall\InboundCall.csproj", "{8D4E17EC-799B-4694-AEFA-E823D68DBDCF}"
EndProject
Global
	GlobalSection(SolutionConfigurationPlatforms) = preSolution
		Debug|Any CPU = Debug|Any CPU
		Release|Any CPU = Release|Any CPU
	EndGlobalSection
	GlobalSection(ProjectConfigurationPlatforms) = postSolution
		{C3E0BF24-D2A1-4D46-8489-DC4423C27F20}.Debug|Any CPU.ActiveCfg = Debug|Any CPU
		{C3E0BF24-D2A1-4D46-8489-DC4423C27F20}.Debug|Any CPU.Build.0 = Debug|Any CPU
		{C3E0BF24-D2A1-4D46-8489-DC4423C27F20}.Release|Any CPU.ActiveCfg = Release|Any CPU
		{C3E0BF24-D2A1-4D46-8489-DC4423C27F20}.Release|Any CPU.Build.0 = Release|Any CPU
		{8D4E17EC-799B-4694-AEFA-E823D68DBDCF}.Debug|Any CPU.ActiveCfg = Debug|Any CPU
		{8D4E17EC-799B-4694-AEFA-E823D68DBDCF}.Debug|Any CPU.Build.0 = Debug|Any CPU
		{8D4E17EC-799B-4694-AEFA-E823D68DBDCF}.Release|Any CPU.ActiveCfg = Release|Any CPU
		{8D4E17EC-799B-4694-AEFA-E823D68DBDCF}.Release|Any CPU.Build.0 = Release|Any CPU
	EndGlobalSection
	GlobalSection(SolutionProperties) = preSolution
		HideSolutionNode = FALSE
	EndGlobalSection
	GlobalSection(ExtensibilityGlobals) = postSolution
		SolutionGuid = {B3FED08A-DB60-400A-8E5B-3193A775047D}
	EndGlobalSection
EndGlobal
